---

- name: Cisco show clock example
  hosts: router_type1,switch_type1
  gather_facts: false

  vars_files:
    - vars.yml

  tasks:
    - name: run show clock on the routers
      ios_command:
        commands: show clock
      register: output

    - name: print output
      debug:
        var: output.stdout_lines
